{
    "name": "eid-app",
    "lockfileVersion": 3,
    "requires": true,
    "packages": {
        "": {
            "name": "eid-app",
            "devDependencies": {
                "quickjs-zig": "^1.0.3"
            }
        },
        "../quickjs-zig": {
            "version": "1.0.0",
            "extraneous": true,
            "hasInstallScript": true,
            "license": "MIT",
            "bin": {
                "quickjs-zig": "index.mjs"
            },
            "engines": {
                "node": ">=18.0.0"
            }
        },
        "node_modules/quickjs-zig": {
            "version": "1.0.3",
            "resolved": "https://registry.npmjs.org/quickjs-zig/-/quickjs-zig-1.0.3.tgz",
            "integrity": "sha512-rhy8ChdKTkovZGZgYSStPbKF0Bp5OAeh93Dkpu1pwrPhi/8LKJzPjsN7eIll4ufCWqiVj9Z9735MoFMCwHDBKw==",
            "dev": true,
            "hasInstallScript": true,
            "license": "MIT",
            "bin": {
                "quickjs-zig": "index.mjs"
            },
            "engines": {
                "node": ">=18.0.0"
            }
        }
    }
}
