{
    "name": "eid-app",
    "lockfileVersion": 3,
    "requires": true,
    "packages": {
        "": {
            "name": "eid-app",
            "devDependencies": {
                "quickjs-zig": "^1.0.2"
            }
        },
        "../quickjs-zig": {
            "version": "1.0.0",
            "extraneous": true,
            "hasInstallScript": true,
            "license": "MIT",
            "bin": {
                "quickjs-zig": "index.mjs"
            },
            "engines": {
                "node": ">=18.0.0"
            }
        },
        "node_modules/quickjs-zig": {
            "version": "1.0.2",
            "resolved": "https://registry.npmjs.org/quickjs-zig/-/quickjs-zig-1.0.2.tgz",
            "integrity": "sha512-DsL6FkBayal6zUJU2/3mSb/11gRPfxvUuDIvr9qgyl6rHugS6NbfeEyC3tZhR8RuAWKwzbFhnyFUxJ83RbWZ5Q==",
            "dev": true,
            "hasInstallScript": true,
            "license": "MIT",
            "bin": {
                "quickjs-zig": "index.mjs"
            },
            "engines": {
                "node": ">=18.0.0"
            }
        }
    }
}
