{
    "name": "eid-app",
    "lockfileVersion": 3,
    "requires": true,
    "packages": {
        "": {
            "name": "eid-app",
            "devDependencies": {
                "bundler-app": "^1.0.0",
                "quickjs-zig": "^1.0.4"
            }
        },
        "../quickjs-zig": {
            "version": "1.0.0",
            "extraneous": true,
            "hasInstallScript": true,
            "license": "MIT",
            "bin": {
                "quickjs-zig": "index.mjs"
            },
            "engines": {
                "node": ">=18.0.0"
            }
        },
        "node_modules/bundler-app": {
            "version": "1.0.0",
            "resolved": "https://registry.npmjs.org/bundler-app/-/bundler-app-1.0.0.tgz",
            "integrity": "sha512-KPGk77nx6wOUA+l4fB3EHQ92JQTRPb9lRsFHulfoerw0k/shaxrZF/lFmI7C46hh0XVkkPAqpo3CWFAEjAI2Ew==",
            "dev": true,
            "license": "MIT",
            "bin": {
                "bundler-app": "index.mjs"
            },
            "engines": {
                "node": ">=18.0.0"
            }
        },
        "node_modules/quickjs-zig": {
            "version": "1.0.4",
            "resolved": "https://registry.npmjs.org/quickjs-zig/-/quickjs-zig-1.0.4.tgz",
            "integrity": "sha512-q6CVXd6r/yT0ydREvzBJRy8qr4jCKgjWQKAST8RZwCLiPQv/Bu7bEbnMZoKWIlQ6/+sZP40MqwnNmfw5Op6GhQ==",
            "dev": true,
            "hasInstallScript": true,
            "license": "MIT",
            "bin": {
                "quickjs-zig": "index.mjs"
            },
            "engines": {
                "node": ">=18.0.0"
            }
        }
    }
}
